// !$*UTF8*$!
{
	archiveVersion = 1;
	classes = {
	};
	objectVersion = 50;
	objects = {

/* Begin PBXBuildFile section */
		A06879D3224D84B70057C1A4 /* Player.swift in Sources */ = {isa = PBXBuildFile; fileRef = A06879D2224D84B70057C1A4 /* Player.swift */; };
		A089477822329D070057C948 /* AppDelegate.swift in Sources */ = {isa = PBXBuildFile; fileRef = A089477722329D070057C948 /* AppDelegate.swift */; };
		A089477A22329D070057C948 /* WelcomeViewController.swift in Sources */ = {isa = PBXBuildFile; fileRef = A089477922329D070057C948 /* WelcomeViewController.swift */; };
		A089477D22329D070057C948 /* Main.storyboard in Resources */ = {isa = PBXBuildFile; fileRef = A089477B22329D070057C948 /* Main.storyboard */; };
		A089477F22329D090057C948 /* Assets.xcassets in Resources */ = {isa = PBXBuildFile; fileRef = A089477E22329D090057C948 /* Assets.xcassets */; };
		A089478222329D090057C948 /* LaunchScreen.storyboard in Resources */ = {isa = PBXBuildFile; fileRef = A089478022329D090057C948 /* LaunchScreen.storyboard */; };
		A089478F2232C3EC0057C948 /* BorderButton.swift in Sources */ = {isa = PBXBuildFile; fileRef = A089478E2232C3EC0057C948 /* BorderButton.swift */; };
		A0B3B8CF22450FC8003B9104 /* LeagueViewController.swift in Sources */ = {isa = PBXBuildFile; fileRef = A0B3B8CE22450FC8003B9104 /* LeagueViewController.swift */; };
		A0B3B8D122450FE2003B9104 /* SkillViewController.swift in Sources */ = {isa = PBXBuildFile; fileRef = A0B3B8D022450FE2003B9104 /* SkillViewController.swift */; };
/* End PBXBuildFile section */

/* Begin PBXFileReference section */
		A06879D2224D84B70057C1A4 /* Player.swift */ = {isa = PBXFileReference; lastKnownFileType = sourcecode.swift; path = Player.swift; sourceTree = "<group>"; };
		A089477422329D070057C948 /* app-swoosh.app */ = {isa = PBXFileReference; explicitFileType = wrapper.application; includeInIndex = 0; path = "app-swoosh.app"; sourceTree = BUILT_PRODUCTS_DIR; };
		A089477722329D070057C948 /* AppDelegate.swift */ = {isa = PBXFileReference; lastKnownFileType = sourcecode.swift; path = AppDelegate.swift; sourceTree = "<group>"; };
		A089477922329D070057C948 /* WelcomeViewController.swift */ = {isa = PBXFileReference; lastKnownFileType = sourcecode.swift; path = WelcomeViewController.swift; sourceTree = "<group>"; };
		A089477C22329D070057C948 /* Base */ = {isa = PBXFileReference; lastKnownFileType = file.storyboard; name = Base; path = Base.lproj/Main.storyboard; sourceTree = "<group>"; };
		A089477E22329D090057C948 /* Assets.xcassets */ = {isa = PBXFileReference; lastKnownFileType = folder.assetcatalog; path = Assets.xcassets; sourceTree = "<group>"; };
		A089478122329D090057C948 /* Base */ = {isa = PBXFileReference; lastKnownFileType = file.storyboard; name = Base; path = Base.lproj/LaunchScreen.storyboard; sourceTree = "<group>"; };
		A089478322329D090057C948 /* Info.plist */ = {isa = PBXFileReference; lastKnownFileType = text.plist.xml; path = Info.plist; sourceTree = "<group>"; };
		A089478E2232C3EC0057C948 /* BorderButton.swift */ = {isa = PBXFileReference; lastKnownFileType = sourcecode.swift; path = BorderButton.swift; sourceTree = "<group>"; };
		A0B3B8CE22450FC8003B9104 /* LeagueViewController.swift */ = {isa = PBXFileReference; lastKnownFileType = sourcecode.swift; path = LeagueViewController.swift; sourceTree = "<group>"; };
		A0B3B8D022450FE2003B9104 /* SkillViewController.swift */ = {isa = PBXFileReference; lastKnownFileType = sourcecode.swift; path = SkillViewController.swift; sourceTree = "<group>"; };
/* End PBXFileReference section */

/* Begin PBXFrameworksBuildPhase section */
		A089477122329D070057C948 /* Frameworks */ = {
			isa = PBXFrameworksBuildPhase;
			buildActionMask = 2147483647;
			files = (
			);
			runOnlyForDeploymentPostprocessing = 0;
		};
/* End PBXFrameworksBuildPhase section */

/* Begin PBXGroup section */
		A089476B22329D070057C948 = {
			isa = PBXGroup;
			children = (
				A089477622329D070057C948 /* app-swoosh */,
				A089477522329D070057C948 /* Products */,
			);
			sourceTree = "<group>";
		};
		A089477522329D070057C948 /* Products */ = {
			isa = PBXGroup;
			children = (
				A089477422329D070057C948 /* app-swoosh.app */,
			);
			name = Products;
			sourceTree = "<group>";
		};
		A089477622329D070057C948 /* app-swoosh */ = {
			isa = PBXGroup;
			children = (
				A0B3B8CD22450E31003B9104 /* Model */,
				A0B3B8CC22450DFE003B9104 /* Controller */,
				A089478D2232C3130057C948 /* View */,
				A089477722329D070057C948 /* AppDelegate.swift */,
				A089477B22329D070057C948 /* Main.storyboard */,
				A089477E22329D090057C948 /* Assets.xcassets */,
				A089478022329D090057C948 /* LaunchScreen.storyboard */,
				A089478322329D090057C948 /* Info.plist */,
			);
			path = "app-swoosh";
			sourceTree = "<group>";
		};
		A089478D2232C3130057C948 /* View */ = {
			isa = PBXGroup;
			children = (
				A089478E2232C3EC0057C948 /* BorderButton.swift */,
			);
			path = View;
			sourceTree = "<group>";
		};
		A0B3B8CC22450DFE003B9104 /* Controller */ = {
			isa = PBXGroup;
			children = (
				A089477922329D070057C948 /* WelcomeViewController.swift */,
				A0B3B8CE22450FC8003B9104 /* LeagueViewController.swift */,
				A0B3B8D022450FE2003B9104 /* SkillViewController.swift */,
			);
			path = Controller;
			sourceTree = "<group>";
		};
		A0B3B8CD22450E31003B9104 /* Model */ = {
			isa = PBXGroup;
			children = (
				A06879D2224D84B70057C1A4 /* Player.swift */,
			);
			path = Model;
			sourceTree = "<group>";
		};
/* End PBXGroup section */

/* Begin PBXNativeTarget section */
		A089477322329D070057C948 /* app-swoosh */ = {
			isa = PBXNativeTarget;
			buildConfigurationList = A089478622329D0A0057C948 /* Build configuration list for PBXNativeTarget "app-swoosh" */;
			buildPhases = (
				A089477022329D070057C948 /* Sources */,
				A089477122329D070057C948 /* Frameworks */,
				A089477222329D070057C948 /* Resources */,
			);
			buildRules = (
			);
			dependencies = (
			);
			name = "app-swoosh";
			productName = "app-swoosh";
			productReference = A089477422329D070057C948 /* app-swoosh.app */;
			productType = "com.apple.product-type.application";
		};
/* End PBXNativeTarget section */

/* Begin PBXProject section */
		A089476C22329D070057C948 /* Project object */ = {
			isa = PBXProject;
			attributes = {
				LastSwiftUpdateCheck = 1010;
				LastUpgradeCheck = 1010;
				ORGANIZATIONNAME = "Luís Brochado Pinto dos Reis";
				TargetAttributes = {
					A089477322329D070057C948 = {
						CreatedOnToolsVersion = 10.1;
					};
				};
			};
			buildConfigurationList = A089476F22329D070057C948 /* Build configuration list for PBXProject "app-swoosh" */;
			compatibilityVersion = "Xcode 9.3";
			developmentRegion = en;
			hasScannedForEncodings = 0;
			knownRegions = (
				en,
				Base,
			);
			mainGroup = A089476B22329D070057C948;
			productRefGroup = A089477522329D070057C948 /* Products */;
			projectDirPath = "";
			projectRoot = "";
			targets = (
				A089477322329D070057C948 /* app-swoosh */,
			);
		};
/* End PBXProject section */

/* Begin PBXResourcesBuildPhase section */
		A089477222329D070057C948 /* Resources */ = {
			isa = PBXResourcesBuildPhase;
			buildActionMask = 2147483647;
			files = (
				A089478222329D090057C948 /* LaunchScreen.storyboard in Resources */,
				A089477F22329D090057C948 /* Assets.xcassets in Resources */,
				A089477D22329D070057C948 /* Main.storyboard in Resources */,
			);
			runOnlyForDeploymentPostprocessing = 0;
		};
/* End PBXResourcesBuildPhase section */

/* Begin PBXSourcesBuildPhase section */
		A089477022329D070057C948 /* Sources */ = {
			isa = PBXSourcesBuildPhase;
			buildActionMask = 2147483647;
			files = (
				A089477A22329D070057C948 /* WelcomeViewController.swift in Sources */,
				A089477822329D070057C948 /* AppDelegate.swift in Sources */,
				A0B3B8D122450FE2003B9104 /* SkillViewController.swift in Sources */,
				A089478F2232C3EC0057C948 /* BorderButton.swift in Sources */,
				A06879D3224D84B70057C1A4 /* Player.swift in Sources */,
				A0B3B8CF22450FC8003B9104 /* LeagueViewController.swift in Sources */,
			);
			runOnlyForDeploymentPostprocessing = 0;
		};
/* End PBXSourcesBuildPhase section */

/* Begin PBXVariantGroup section */
		A089477B22329D070057C948 /* Main.storyboard */ = {
			isa = PBXVariantGroup;
			children = (
				A089477C22329D070057C948 /* Base */,
			);
			name = Main.storyboard;
			sourceTree = "<group>";
		};
		A089478022329D090057C948 /* LaunchScreen.storyboard */ = {
			isa = PBXVariantGroup;
			children = (
				A089478122329D090057C948 /* Base */,
			);
			name = LaunchScreen.storyboard;
			sourceTree = "<group>";
		};
/* End PBXVariantGroup section */

/* Begin XCBuildConfiguration section */
		A089478422329D090057C948 /* Debug */ = {
			isa = XCBuildConfiguration;
			buildSettings = {
				ALWAYS_SEARCH_USER_PATHS = NO;
				CLANG_ANALYZER_NONNULL = YES;
				CLANG_ANALYZER_NUMBER_OBJECT_CONVERSION = YES_AGGRESSIVE;
				CLANG_CXX_LANGUAGE_STANDARD = "gnu++14";
				CLANG_CXX_LIBRARY = "libc++";
				CLANG_ENABLE_MODULES = YES;
				CLANG_ENABLE_OBJC_ARC = YES;
				CLANG_ENABLE_OBJC_WEAK = YES;
				CLANG_WARN_BLOCK_CAPTURE_AUTORELEASING = YES;
				CLANG_WARN_BOOL_CONVERSION = YES;
				CLANG_WARN_COMMA = YES;
				CLANG_WARN_CONSTANT_CONVERSION = YES;
				CLANG_WARN_DEPRECATED_OBJC_IMPLEMENTATIONS = YES;
				CLANG_WARN_DIRECT_OBJC_ISA_USAGE = YES_ERROR;
				CLANG_WARN_DOCUMENTATION_COMMENTS = YES;
				CLANG_WARN_EMPTY_BODY = YES;
				CLANG_WARN_ENUM_CONVERSION = YES;
				CLANG_WARN_INFINITE_RECURSION = YES;
				CLANG_WARN_INT_CONVERSION = YES;
				CLANG_WARN_NON_LITERAL_NULL_CONVERSION = YES;
				CLANG_WARN_OBJC_IMPLICIT_RETAIN_SELF = YES;
				CLANG_WARN_OBJC_LITERAL_CONVERSION = YES;
				CLANG_WARN_OBJC_ROOT_CLASS = YES_ERROR;
				CLANG_WARN_RANGE_LOOP_ANALYSIS = YES;
				CLANG_WARN_STRICT_PROTOTYPES = YES;
				CLANG_WARN_SUSPICIOUS_MOVE = YES;
				CLANG_WARN_UNGUARDED_AVAILABILITY = YES_AGGRESSIVE;
				CLANG_WARN_UNREACHABLE_CODE = YES;
				CLANG_WARN__DUPLICATE_METHOD_MATCH = YES;
				CODE_SIGN_IDENTITY = "iPhone Developer";
				COPY_PHASE_STRIP = NO;
				DEBUG_INFORMATION_FORMAT = dwarf;
				ENABLE_STRICT_OBJC_MSGSEND = YES;
				ENABLE_TESTABILITY = YES;
				GCC_C_LANGUAGE_STANDARD = gnu11;
				GCC_DYNAMIC_NO_PIC = NO;
				GCC_NO_COMMON_BLOCKS = YES;
				GCC_OPTIMIZATION_LEVEL = 0;
				GCC_PREPROCESSOR_DEFINITIONS = (
					"DEBUG=1",
					"$(inherited)",
				);
				GCC_WARN_64_TO_32_BIT_CONVERSION = YES;
				GCC_WARN_ABOUT_RETURN_TYPE = YES_ERROR;
				GCC_WARN_UNDECLARED_SELECTOR = YES;
				GCC_WARN_UNINITIALIZED_AUTOS = YES_AGGRESSIVE;
				GCC_WARN_UNUSED_FUNCTION = YES;
				GCC_WARN_UNUSED_VARIABLE = YES;
				IPHONEOS_DEPLOYMENT_TARGET = 12.1;
				MTL_ENABLE_DEBUG_INFO = INCLUDE_SOURCE;
				MTL_FAST_MATH = YES;
				ONLY_ACTIVE_ARCH = YES;
				SDKROOT = iphoneos;
				SWIFT_ACTIVE_COMPILATION_CONDITIONS = DEBUG;
				SWIFT_OPTIMIZATION_LEVEL = "-Onone";
			};
			name = Debug;
		};
		A089478522329D090057C948 /* Release */ = {
			isa = XCBuildConfiguration;
			buildSettings = {
				ALWAYS_SEARCH_USER_PATHS = NO;
				CLANG_ANALYZER_NONNULL = YES;
				CLANG_ANALYZER_NUMBER_OBJECT_CONVERSION = YES_AGGRESSIVE;
				CLANG_CXX_LANGUAGE_STANDARD = "gnu++14";
				CLANG_CXX_LIBRARY = "libc++";
				CLANG_ENABLE_MODULES = YES;
				CLANG_ENABLE_OBJC_ARC = YES;
				CLANG_ENABLE_OBJC_WEAK = YES;
				CLANG_WARN_BLOCK_CAPTURE_AUTORELEASING = YES;
				CLANG_WARN_BOOL_CONVERSION = YES;
				CLANG_WARN_COMMA = YES;
				CLANG_WARN_CONSTANT_CONVERSION = YES;
				CLANG_WARN_DEPRECATED_OBJC_IMPLEMENTATIONS = YES;
				CLANG_WARN_DIRECT_OBJC_ISA_USAGE = YES_ERROR;
				CLANG_WARN_DOCUMENTATION_COMMENTS = YES;
				CLANG_WARN_EMPTY_BODY = YES;
				CLANG_WARN_ENUM_CONVERSION = YES;
				CLANG_WARN_INFINITE_RECURSION = YES;
				CLANG_WARN_INT_CONVERSION = YES;
				CLANG_WARN_NON_LITERAL_NULL_CONVERSION = YES;
				CLANG_WARN_OBJC_IMPLICIT_RETAIN_SELF = YES;
				CLANG_WARN_OBJC_LITERAL_CONVERSION = YES;
				CLANG_WARN_OBJC_ROOT_CLASS = YES_ERROR;
				CLANG_WARN_RANGE_LOOP_ANALYSIS = YES;
				CLANG_WARN_STRICT_PROTOTYPES = YES;
				CLANG_WARN_SUSPICIOUS_MOVE = YES;
				CLANG_WARN_UNGUARDED_AVAILABILITY = YES_AGGRESSIVE;
				CLANG_WARN_UNREACHABLE_CODE = YES;
				CLANG_WARN__DUPLICATE_METHOD_MATCH = YES;
				CODE_SIGN_IDENTITY = "iPhone Developer";
				COPY_PHASE_STRIP = NO;
				DEBUG_INFORMATION_FORMAT = "dwarf-with-dsym";
				ENABLE_NS_ASSERTIONS = NO;
				ENABLE_STRICT_OBJC_MSGSEND = YES;
				GCC_C_LANGUAGE_STANDARD = gnu11;
				GCC_NO_COMMON_BLOCKS = YES;
				GCC_WARN_64_TO_32_BIT_CONVERSION = YES;
				GCC_WARN_ABOUT_RETURN_TYPE = YES_ERROR;
				GCC_WARN_UNDECLARED_SELECTOR = YES;
				GCC_WARN_UNINITIALIZED_AUTOS = YES_AGGRESSIVE;
				GCC_WARN_UNUSED_FUNCTION = YES;
				GCC_WARN_UNUSED_VARIABLE = YES;
				IPHONEOS_DEPLOYMENT_TARGET = 12.1;
				MTL_ENABLE_DEBUG_INFO = NO;
				MTL_FAST_MATH = YES;
				SDKROOT = iphoneos;
				SWIFT_COMPILATION_MODE = wholemodule;
				SWIFT_OPTIMIZATION_LEVEL = "-O";
				VALIDATE_PRODUCT = YES;
			};
			name = Release;
		};
		A089478722329D0A0057C948 /* Debug */ = {
			isa = XCBuildConfiguration;
			buildSettings = {
				ASSETCATALOG_COMPILER_APPICON_NAME = AppIcon;
				CODE_SIGN_STYLE = Automatic;
				INFOPLIST_FILE = "app-swoosh/Info.plist";
				LD_RUNPATH_SEARCH_PATHS = (
					"$(inherited)",
					"@executable_path/Frameworks",
				);
				PRODUCT_BUNDLE_IDENTIFIER = "com.luis.app-swoosh";
				PRODUCT_NAME = "$(TARGET_NAME)";
				SWIFT_VERSION = 4.2;
				TARGETED_DEVICE_FAMILY = "1,2";
			};
			name = Debug;
		};
		A089478822329D0A0057C948 /* Release */ = {
			isa = XCBuildConfiguration;
			buildSettings = {
				ASSETCATALOG_COMPILER_APPICON_NAME = AppIcon;
				CODE_SIGN_STYLE = Automatic;
				INFOPLIST_FILE = "app-swoosh/Info.plist";
				LD_RUNPATH_SEARCH_PATHS = (
					"$(inherited)",
					"@executable_path/Frameworks",
				);
				PRODUCT_BUNDLE_IDENTIFIER = "com.luis.app-swoosh";
				PRODUCT_NAME = "$(TARGET_NAME)";
				SWIFT_VERSION = 4.2;
				TARGETED_DEVICE_FAMILY = "1,2";
			};
			name = Release;
		};
/* End XCBuildConfiguration section */

/* Begin XCConfigurationList section */
		A089476F22329D070057C948 /* Build configuration list for PBXProject "app-swoosh" */ = {
			isa = XCConfigurationList;
			buildConfigurations = (
				A089478422329D090057C948 /* Debug */,
				A089478522329D090057C948 /* Release */,
			);
			defaultConfigurationIsVisible = 0;
			defaultConfigurationName = Release;
		};
		A089478622329D0A0057C948 /* Build configuration list for PBXNativeTarget "app-swoosh" */ = {
			isa = XCConfigurationList;
			buildConfigurations = (
				A089478722329D0A0057C948 /* Debug */,
				A089478822329D0A0057C948 /* Release */,
			);
			defaultConfigurationIsVisible = 0;
			defaultConfigurationName = Release;
		};
/* End XCConfigurationList section */
	};
	rootObject = A089476C22329D070057C948 /* Project object */;
}
